
Microsoft Visual Studio Solution File, Format Version 12.00
# Visual Studio Version 17
VisualStudioVersion = 17.0.31903.59
MinimumVisualStudioVersion = 10.0.40219.1
Project("{2150E333-8FDC-42A3-9474-1A3956D46DE8}") = "RecipeService", "RecipeService", "{4D50AF06-29E6-4050-9DDA-FC82E5C2A5FA}"
EndProject
Project("{FAE04EC0-301F-11D3-BF4B-00C04F79EFBC}") = "RecipeService", "RecipeService\RecipeService\RecipeService.csproj", "{ADEFF2AB-3035-4C79-96F3-C83BE9C00DE6}"
EndProject
Project("{FAE04EC0-301F-11D3-BF4B-00C04F79EFBC}") = "RecipeService.Tests", "RecipeService\RecipeService.Tests\RecipeService.Tests.csproj", "{5666A8CD-87C1-49CE-AE54-2C001A13D090}"
EndProject
Project("{2150E333-8FDC-42A3-9474-1A3956D46DE8}") = "PantryService", "PantryService", "{B4EFE927-526A-45B3-BC0B-FAF705001E40}"
EndProject
Project("{FAE04EC0-301F-11D3-BF4B-00C04F79EFBC}") = "PantryService", "PantryService\PantryService\PantryService.csproj", "{75E83B9F-2FBB-480E-AC19-542C38D9C2A4}"
EndProject
Project("{FAE04EC0-301F-11D3-BF4B-00C04F79EFBC}") = "PantryService.Tests", "PantryService\PantryService.Tests\PantryService.Tests.csproj", "{B6F82DC7-DC6D-4510-A627-00F405338191}"
EndProject
Project("{2150E333-8FDC-42A3-9474-1A3956D46DE8}") = "SubstitutionService", "SubstitutionService", "{EF3C5AE4-44D4-49FB-A038-346EABDB08EC}"
EndProject
Project("{FAE04EC0-301F-11D3-BF4B-00C04F79EFBC}") = "SubstitutionService", "SubstitutionService\SubstitutionService\SubstitutionService.csproj", "{0ECF1325-7713-4A85-9C0E-1EC096DE207E}"
EndProject
Project("{2150E333-8FDC-42A3-9474-1A3956D46DE8}") = "SourcingService", "SourcingService", "{F14BD335-86C9-49D6-8BCE-90729F8CD075}"
EndProject
Project("{FAE04EC0-301F-11D3-BF4B-00C04F79EFBC}") = "SourcingService", "SourcingService\SourcingService\SourcingService.csproj", "{90240C3B-2F39-453A-BB18-2C98F53E6B16}"
EndProject
Project("{2150E333-8FDC-42A3-9474-1A3956D46DE8}") = "Gateway", "Gateway", "{60367D58-4CB6-4FCB-B0C7-E89034A24697}"
EndProject
Project("{FAE04EC0-301F-11D3-BF4B-00C04F79EFBC}") = "Gateway", "Gateway\Gateway\Gateway.csproj", "{38758350-767C-46AC-B143-7087F1B0E008}"
EndProject
Project("{FAE04EC0-301F-11D3-BF4B-00C04F79EFBC}") = "Observability", "Observability\Observability.csproj", "{6C79BDBE-B0FC-4572-9F2C-67553A778630}"
EndProject
Project("{FAE04EC0-301F-11D3-BF4B-00C04F79EFBC}") = "Messaging", "Messaging\Messaging.csproj", "{47403000-FBD4-4328-8640-BD77D84D8419}"
EndProject
Global
	GlobalSection(SolutionConfigurationPlatforms) = preSolution
		Debug|Any CPU = Debug|Any CPU
		Release|Any CPU = Release|Any CPU
	EndGlobalSection
	GlobalSection(SolutionProperties) = preSolution
		HideSolutionNode = FALSE
	EndGlobalSection
	GlobalSection(ProjectConfigurationPlatforms) = postSolution
		{ADEFF2AB-3035-4C79-96F3-C83BE9C00DE6}.Debug|Any CPU.ActiveCfg = Debug|Any CPU
		{ADEFF2AB-3035-4C79-96F3-C83BE9C00DE6}.Debug|Any CPU.Build.0 = Debug|Any CPU
		{ADEFF2AB-3035-4C79-96F3-C83BE9C00DE6}.Release|Any CPU.ActiveCfg = Release|Any CPU
		{ADEFF2AB-3035-4C79-96F3-C83BE9C00DE6}.Release|Any CPU.Build.0 = Release|Any CPU
		{5666A8CD-87C1-49CE-AE54-2C001A13D090}.Debug|Any CPU.ActiveCfg = Debug|Any CPU
		{5666A8CD-87C1-49CE-AE54-2C001A13D090}.Debug|Any CPU.Build.0 = Debug|Any CPU
		{5666A8CD-87C1-49CE-AE54-2C001A13D090}.Release|Any CPU.ActiveCfg = Release|Any CPU
		{5666A8CD-87C1-49CE-AE54-2C001A13D090}.Release|Any CPU.Build.0 = Release|Any CPU
		{75E83B9F-2FBB-480E-AC19-542C38D9C2A4}.Debug|Any CPU.ActiveCfg = Debug|Any CPU
		{75E83B9F-2FBB-480E-AC19-542C38D9C2A4}.Debug|Any CPU.Build.0 = Debug|Any CPU
		{75E83B9F-2FBB-480E-AC19-542C38D9C2A4}.Release|Any CPU.ActiveCfg = Release|Any CPU
		{75E83B9F-2FBB-480E-AC19-542C38D9C2A4}.Release|Any CPU.Build.0 = Release|Any CPU
		{B6F82DC7-DC6D-4510-A627-00F405338191}.Debug|Any CPU.ActiveCfg = Debug|Any CPU
		{B6F82DC7-DC6D-4510-A627-00F405338191}.Debug|Any CPU.Build.0 = Debug|Any CPU
		{B6F82DC7-DC6D-4510-A627-00F405338191}.Release|Any CPU.ActiveCfg = Release|Any CPU
		{B6F82DC7-DC6D-4510-A627-00F405338191}.Release|Any CPU.Build.0 = Release|Any CPU
		{0ECF1325-7713-4A85-9C0E-1EC096DE207E}.Debug|Any CPU.ActiveCfg = Debug|Any CPU
		{0ECF1325-7713-4A85-9C0E-1EC096DE207E}.Debug|Any CPU.Build.0 = Debug|Any CPU
		{0ECF1325-7713-4A85-9C0E-1EC096DE207E}.Release|Any CPU.ActiveCfg = Release|Any CPU
		{0ECF1325-7713-4A85-9C0E-1EC096DE207E}.Release|Any CPU.Build.0 = Release|Any CPU
		{90240C3B-2F39-453A-BB18-2C98F53E6B16}.Debug|Any CPU.ActiveCfg = Debug|Any CPU
		{90240C3B-2F39-453A-BB18-2C98F53E6B16}.Debug|Any CPU.Build.0 = Debug|Any CPU
		{90240C3B-2F39-453A-BB18-2C98F53E6B16}.Release|Any CPU.ActiveCfg = Release|Any CPU
		{90240C3B-2F39-453A-BB18-2C98F53E6B16}.Release|Any CPU.Build.0 = Release|Any CPU
		{38758350-767C-46AC-B143-7087F1B0E008}.Debug|Any CPU.ActiveCfg = Debug|Any CPU
		{38758350-767C-46AC-B143-7087F1B0E008}.Debug|Any CPU.Build.0 = Debug|Any CPU
		{38758350-767C-46AC-B143-7087F1B0E008}.Release|Any CPU.ActiveCfg = Release|Any CPU
		{38758350-767C-46AC-B143-7087F1B0E008}.Release|Any CPU.Build.0 = Release|Any CPU
		{6C79BDBE-B0FC-4572-9F2C-67553A778630}.Debug|Any CPU.ActiveCfg = Debug|Any CPU
		{6C79BDBE-B0FC-4572-9F2C-67553A778630}.Debug|Any CPU.Build.0 = Debug|Any CPU
		{6C79BDBE-B0FC-4572-9F2C-67553A778630}.Release|Any CPU.ActiveCfg = Release|Any CPU
		{6C79BDBE-B0FC-4572-9F2C-67553A778630}.Release|Any CPU.Build.0 = Release|Any CPU
		{47403000-FBD4-4328-8640-BD77D84D8419}.Debug|Any CPU.ActiveCfg = Debug|Any CPU
		{47403000-FBD4-4328-8640-BD77D84D8419}.Debug|Any CPU.Build.0 = Debug|Any CPU
		{47403000-FBD4-4328-8640-BD77D84D8419}.Release|Any CPU.ActiveCfg = Release|Any CPU
		{47403000-FBD4-4328-8640-BD77D84D8419}.Release|Any CPU.Build.0 = Release|Any CPU
	EndGlobalSection
	GlobalSection(NestedProjects) = preSolution
		{ADEFF2AB-3035-4C79-96F3-C83BE9C00DE6} = {4D50AF06-29E6-4050-9DDA-FC82E5C2A5FA}
		{5666A8CD-87C1-49CE-AE54-2C001A13D090} = {4D50AF06-29E6-4050-9DDA-FC82E5C2A5FA}
		{75E83B9F-2FBB-480E-AC19-542C38D9C2A4} = {B4EFE927-526A-45B3-BC0B-FAF705001E40}
		{B6F82DC7-DC6D-4510-A627-00F405338191} = {B4EFE927-526A-45B3-BC0B-FAF705001E40}
		{0ECF1325-7713-4A85-9C0E-1EC096DE207E} = {EF3C5AE4-44D4-49FB-A038-346EABDB08EC}
		{90240C3B-2F39-453A-BB18-2C98F53E6B16} = {F14BD335-86C9-49D6-8BCE-90729F8CD075}
		{38758350-767C-46AC-B143-7087F1B0E008} = {60367D58-4CB6-4FCB-B0C7-E89034A24697}
	EndGlobalSection
EndGlobal
